
Microsoft Visual Studio Solution File, Format Version 12.00
# Visual Studio Version 17
VisualStudioVersion = 17.3.32825.248
MinimumVisualStudioVersion = 10.0.40219.1
Project("{9A19103F-16F7-4668-BE54-9A1E7A4F7556}") = "DogCalApi", "DogCalApi.csproj", "{FAA722D7-C369-497A-A8E7-571558689286}"
EndProject
Project("{9A19103F-16F7-4668-BE54-9A1E7A4F7556}") = "AppCore", "..\AppCore\AppCore.csproj", "{48B3526B-C6A7-4075-B25A-1977112CE078}"
EndProject
Project("{9A19103F-16F7-4668-BE54-9A1E7A4F7556}") = "Infrastructure", "..\Infrastructure\Infrastructure.csproj", "{58E81BDE-A413-4DF0-B650-21897816ECE6}"
EndProject
Project("{FAE04EC0-301F-11D3-BF4B-00C04F79EFBC}") = "UserTokenApi", "..\UserTokenApi\UserTokenApi.csproj", "{5074D6EB-C2DC-4AAD-984F-92EA80FDB9E4}"
EndProject
Global
	GlobalSection(SolutionConfigurationPlatforms) = preSolution
		Debug|Any CPU = Debug|Any CPU
		Release|Any CPU = Release|Any CPU
	EndGlobalSection
	GlobalSection(ProjectConfigurationPlatforms) = postSolution
		{FAA722D7-C369-497A-A8E7-571558689286}.Debug|Any CPU.ActiveCfg = Debug|Any CPU
		{FAA722D7-C369-497A-A8E7-571558689286}.Debug|Any CPU.Build.0 = Debug|Any CPU
		{FAA722D7-C369-497A-A8E7-571558689286}.Release|Any CPU.ActiveCfg = Release|Any CPU
		{FAA722D7-C369-497A-A8E7-571558689286}.Release|Any CPU.Build.0 = Release|Any CPU
		{48B3526B-C6A7-4075-B25A-1977112CE078}.Debug|Any CPU.ActiveCfg = Debug|Any CPU
		{48B3526B-C6A7-4075-B25A-1977112CE078}.Debug|Any CPU.Build.0 = Debug|Any CPU
		{48B3526B-C6A7-4075-B25A-1977112CE078}.Release|Any CPU.ActiveCfg = Release|Any CPU
		{48B3526B-C6A7-4075-B25A-1977112CE078}.Release|Any CPU.Build.0 = Release|Any CPU
		{58E81BDE-A413-4DF0-B650-21897816ECE6}.Debug|Any CPU.ActiveCfg = Debug|Any CPU
		{58E81BDE-A413-4DF0-B650-21897816ECE6}.Debug|Any CPU.Build.0 = Debug|Any CPU
		{58E81BDE-A413-4DF0-B650-21897816ECE6}.Release|Any CPU.ActiveCfg = Release|Any CPU
		{58E81BDE-A413-4DF0-B650-21897816ECE6}.Release|Any CPU.Build.0 = Release|Any CPU
		{5074D6EB-C2DC-4AAD-984F-92EA80FDB9E4}.Debug|Any CPU.ActiveCfg = Debug|Any CPU
		{5074D6EB-C2DC-4AAD-984F-92EA80FDB9E4}.Debug|Any CPU.Build.0 = Debug|Any CPU
		{5074D6EB-C2DC-4AAD-984F-92EA80FDB9E4}.Release|Any CPU.ActiveCfg = Release|Any CPU
		{5074D6EB-C2DC-4AAD-984F-92EA80FDB9E4}.Release|Any CPU.Build.0 = Release|Any CPU
	EndGlobalSection
	GlobalSection(SolutionProperties) = preSolution
		HideSolutionNode = FALSE
	EndGlobalSection
	GlobalSection(ExtensibilityGlobals) = postSolution
		SolutionGuid = {0F1071A8-AFFE-41A8-B560-49EC92356463}
	EndGlobalSection
EndGlobal
